<?xml version="1.0" encoding="utf-8"?>
<Project ToolsVersion="4.0" xmlns="http://schemas.microsoft.com/developer/msbuild/2003">
  <ItemGroup>
    <Filter Include="Source">
      <UniqueIdentifier>{2c6a5be9-191d-4c30-8500-b2a94c93fb93}</UniqueIdentifier>
    </Filter>
    <Filter Include="windows">
      <UniqueIdentifier>{48f0cc8d-6504-4110-8e8d-3dd2205b1af7}</UniqueIdentifier>
    </Filter>
    <Filter Include="Source\Heper">
      <UniqueIdentifier>{2969592e-4ae4-4e27-8996-dff26d2c8874}</UniqueIdentifier>
    </Filter>
    <Filter Include="Source\Engine">
      <UniqueIdentifier>{287053a2-fda9-4b54-81cc-d30ead80e7ac}</UniqueIdentifier>
    </Filter>
    <Filter Include="Source\Engine\Editor">
      <UniqueIdentifier>{5ba8e89d-1f3d-4154-a69b-a646fd98567a}</UniqueIdentifier>
    </Filter>
    <Filter Include="Source\Engine\Editor\Panel">
      <UniqueIdentifier>{f1d40353-6d47-4276-ae71-c49e61728b68}</UniqueIdentifier>
    </Filter>
    <Filter Include="Source\Engine\Manager">
      <UniqueIdentifier>{5a4900f3-5da1-412a-bba2-31eaad4fe95e}</UniqueIdentifier>
    </Filter>
    <Filter Include="Source\Heper\ImGUI">
      <UniqueIdentifier>{878c40dd-20d0-4492-b46e-144c07d146a4}</UniqueIdentifier>
    </Filter>
    <Filter Include="Source\Heper\ImGUI\implot">
      <UniqueIdentifier>{6bb9b655-e4a7-4199-8c3c-3356f1fd804a}</UniqueIdentifier>
    </Filter>
    <Filter Include="Source\Heper\ImGUI\theme">
      <UniqueIdentifier>{8aa50d6e-f129-4822-8c51-c33b94e3770a}</UniqueIdentifier>
    </Filter>
    <Filter Include="Source\Heper\ImGUI\Dock">
      <UniqueIdentifier>{619fa3ec-e442-4579-a405-2b28077dbe36}</UniqueIdentifier>
    </Filter>
    <Filter Include="Source\Protocal">
      <UniqueIdentifier>{fd9dd1d5-970b-4746-b636-480ea9f6e76f}</UniqueIdentifier>
    </Filter>
  </ItemGroup>
  <ItemGroup>
    <ClInclude Include="InnoOJTCore.h">
      <Filter>windows</Filter>
    </ClInclude>
    <ClInclude Include="pch.h">
      <Filter>windows</Filter>
    </ClInclude>
    <ClInclude Include="framework.h">
      <Filter>windows</Filter>
    </ClInclude>
    <ClInclude Include="imgui.h">
      <Filter>Source\Heper\ImGUI</Filter>
    </ClInclude>
    <ClInclude Include="imgui_helper.h">
      <Filter>Source\Heper\ImGUI</Filter>
    </ClInclude>
    <ClInclude Include="imgui_impl_dx11.h">
      <Filter>Source\Heper\ImGUI</Filter>
    </ClInclude>
    <ClInclude Include="imgui_impl_win32.h">
      <Filter>Source\Heper\ImGUI</Filter>
    </ClInclude>
    <ClInclude Include="imgui_internal.h">
      <Filter>Source\Heper\ImGUI</Filter>
    </ClInclude>
    <ClInclude Include="PanelUI.h">
      <Filter>Source\Engine\Editor\Panel</Filter>
    </ClInclude>
    <ClInclude Include="PanelUIManager.h">
      <Filter>Source\Engine\Editor\Panel</Filter>
    </ClInclude>
    <ClInclude Include="Editor.h">
      <Filter>Source\Engine\Editor</Filter>
    </ClInclude>
    <ClInclude Include="MessageManager.h">
      <Filter>Source\Engine\Manager</Filter>
    </ClInclude>
    <ClInclude Include="TimeManager.h">
      <Filter>Source\Engine\Manager</Filter>
    </ClInclude>
    <ClInclude Include="imstb_truetype.h">
      <Filter>Source\Heper\ImGUI</Filter>
    </ClInclude>
    <ClInclude Include="imstb_textedit.h">
      <Filter>Source\Heper\ImGUI</Filter>
    </ClInclude>
    <ClInclude Include="imstb_rectpack.h">
      <Filter>Source\Heper\ImGUI</Filter>
    </ClInclude>
    <ClInclude Include="imconfig.h">
      <Filter>Source\Heper\ImGUI</Filter>
    </ClInclude>
    <ClInclude Include="targetver.h">
      <Filter>windows</Filter>
    </ClInclude>
    <ClInclude Include="cresource.h">
      <Filter>windows</Filter>
    </ClInclude>
    <ClInclude Include="Casting.h">
      <Filter>windows</Filter>
    </ClInclude>
    <ClInclude Include="EngineFile.h">
      <Filter>Source\Heper</Filter>
    </ClInclude>
    <ClInclude Include="Protocal.h">
      <Filter>Source\Protocal</Filter>
    </ClInclude>
    <ClInclude Include="implot.h">
      <Filter>Source\Heper\ImGUI\implot</Filter>
    </ClInclude>
    <ClInclude Include="implot_internal.h">
      <Filter>Source\Heper\ImGUI\implot</Filter>
    </ClInclude>
    <ClInclude Include="imgui_theme.h">
      <Filter>Source\Heper\ImGUI\theme</Filter>
    </ClInclude>
    <ClInclude Include="DockSpace.h">
      <Filter>Source\Heper\ImGUI\Dock</Filter>
    </ClInclude>
    <ClInclude Include="InnoMessageQueue.h">
      <Filter>Source\Protocal</Filter>
    </ClInclude>
    <ClInclude Include="LogListUI.h">
      <Filter>Source\Engine\Editor\Panel</Filter>
    </ClInclude>
    <ClInclude Include="Engine.h">
      <Filter>Source\Engine</Filter>
    </ClInclude>
    <ClInclude Include="PathManager.h">
      <Filter>Source\Engine\Manager</Filter>
    </ClInclude>
    <ClInclude Include="InputManager.h">
      <Filter>Source\Engine\Manager</Filter>
    </ClInclude>
  </ItemGroup>
  <ItemGroup>
    <ClCompile Include="pch.cpp">
      <Filter>windows</Filter>
    </ClCompile>
    <ClCompile Include="PanelUI.cpp">
      <Filter>Source\Engine\Editor\Panel</Filter>
    </ClCompile>
    <ClCompile Include="PanelUIManager.cpp">
      <Filter>Source\Engine\Editor\Panel</Filter>
    </ClCompile>
    <ClCompile Include="Editor.cpp">
      <Filter>Source\Engine\Editor</Filter>
    </ClCompile>
    <ClCompile Include="MessageManager.cpp">
      <Filter>Source\Engine\Manager</Filter>
    </ClCompile>
    <ClCompile Include="TimeManager.cpp">
      <Filter>Source\Engine\Manager</Filter>
    </ClCompile>
    <ClCompile Include="EngineFile.cpp">
      <Filter>Source\Heper</Filter>
    </ClCompile>
    <ClCompile Include="imgui.cpp">
      <Filter>Source\Heper\ImGUI</Filter>
    </ClCompile>
    <ClCompile Include="imgui_demo.cpp">
      <Filter>Source\Heper\ImGUI</Filter>
    </ClCompile>
    <ClCompile Include="imgui_draw.cpp">
      <Filter>Source\Heper\ImGUI</Filter>
    </ClCompile>
    <ClCompile Include="imgui_helper.cpp">
      <Filter>Source\Heper\ImGUI</Filter>
    </ClCompile>
    <ClCompile Include="imgui_impl_dx11.cpp">
      <Filter>Source\Heper\ImGUI</Filter>
    </ClCompile>
    <ClCompile Include="imgui_impl_win32.cpp">
      <Filter>Source\Heper\ImGUI</Filter>
    </ClCompile>
    <ClCompile Include="imgui_tables.cpp">
      <Filter>Source\Heper\ImGUI</Filter>
    </ClCompile>
    <ClCompile Include="imgui_widgets.cpp">
      <Filter>Source\Heper\ImGUI</Filter>
    </ClCompile>
    <ClCompile Include="Protocal.cpp">
      <Filter>Source\Protocal</Filter>
    </ClCompile>
    <ClCompile Include="implot.cpp">
      <Filter>Source\Heper\ImGUI\implot</Filter>
    </ClCompile>
    <ClCompile Include="implot_demo.cpp">
      <Filter>Source\Heper\ImGUI\implot</Filter>
    </ClCompile>
    <ClCompile Include="implot_items.cpp">
      <Filter>Source\Heper\ImGUI\implot</Filter>
    </ClCompile>
    <ClCompile Include="imgui_theme.cpp">
      <Filter>Source\Heper\ImGUI\theme</Filter>
    </ClCompile>
    <ClCompile Include="DockSpace.cpp">
      <Filter>Source\Heper\ImGUI\Dock</Filter>
    </ClCompile>
    <ClCompile Include="InnoMessageQueue.cpp">
      <Filter>Source\Protocal</Filter>
    </ClCompile>
    <ClCompile Include="LogListUI.cpp">
      <Filter>Source\Engine\Editor\Panel</Filter>
    </ClCompile>
    <ClCompile Include="Engine.cpp">
      <Filter>Source\Engine</Filter>
    </ClCompile>
    <ClCompile Include="PathManager.cpp">
      <Filter>Source\Engine\Manager</Filter>
    </ClCompile>
    <ClCompile Include="InputManager.cpp">
      <Filter>Source\Engine\Manager</Filter>
    </ClCompile>
  </ItemGroup>
</Project>