<?xml version="1.0" encoding="utf-8"?>
<Project ToolsVersion="4.0" xmlns="http://schemas.microsoft.com/developer/msbuild/2003">
  <ItemGroup>
    <Filter Include="windows">
      <UniqueIdentifier>{0ce66618-6d25-42b2-b14d-0421120ae196}</UniqueIdentifier>
    </Filter>
    <Filter Include="Source">
      <UniqueIdentifier>{155cce1c-8a49-4062-8ad1-71ce7f38a30f}</UniqueIdentifier>
    </Filter>
    <Filter Include="Panel">
      <UniqueIdentifier>{c809116b-46a6-4b3b-902f-33a373765205}</UniqueIdentifier>
    </Filter>
  </ItemGroup>
  <ItemGroup>
    <ClInclude Include="framework.h">
      <Filter>windows</Filter>
    </ClInclude>
    <ClInclude Include="OJTClient.h">
      <Filter>windows</Filter>
    </ClInclude>
    <ClInclude Include="Resource.h">
      <Filter>windows</Filter>
    </ClInclude>
    <ClInclude Include="targetver.h">
      <Filter>windows</Filter>
    </ClInclude>
    <ClInclude Include="pch.h">
      <Filter>windows</Filter>
    </ClInclude>
    <ClInclude Include="PanelLoader.h">
      <Filter>Panel</Filter>
    </ClInclude>
    <ClInclude Include="ClientTestUI.h">
      <Filter>Panel</Filter>
    </ClInclude>
    <ClInclude Include="InnoOJTClient.h" />
  </ItemGroup>
  <ItemGroup>
    <Image Include="OJTClient.ico">
      <Filter>windows</Filter>
    </Image>
    <Image Include="small.ico">
      <Filter>windows</Filter>
    </Image>
  </ItemGroup>
  <ItemGroup>
    <ResourceCompile Include="OJTClient.rc">
      <Filter>windows</Filter>
    </ResourceCompile>
  </ItemGroup>
  <ItemGroup>
    <ClCompile Include="main.cpp">
      <Filter>Source</Filter>
    </ClCompile>
    <ClCompile Include="pch.cpp">
      <Filter>windows</Filter>
    </ClCompile>
    <ClCompile Include="PanelLoader.cpp">
      <Filter>Panel</Filter>
    </ClCompile>
    <ClCompile Include="ClientTestUI.cpp">
      <Filter>Panel</Filter>
    </ClCompile>
    <ClCompile Include="InnoOJTClient.cpp" />
  </ItemGroup>
</Project>