<?xml version="1.0" encoding="utf-8"?>
<Project ToolsVersion="4.0" xmlns="http://schemas.microsoft.com/developer/msbuild/2003">
  <ItemGroup>
    <Filter Include="Source">
      <UniqueIdentifier>{73427d39-f072-4d43-bacb-debc04ea25df}</UniqueIdentifier>
    </Filter>
    <Filter Include="windows">
      <UniqueIdentifier>{d939e8a6-4dff-462f-81e1-f3e889136efc}</UniqueIdentifier>
    </Filter>
    <Filter Include="Source\Panel">
      <UniqueIdentifier>{8b7f322a-f841-4c48-ad5d-95d97ead1167}</UniqueIdentifier>
    </Filter>
  </ItemGroup>
  <ItemGroup>
    <ClInclude Include="targetver.h">
      <Filter>windows</Filter>
    </ClInclude>
    <ClInclude Include="Resource.h">
      <Filter>windows</Filter>
    </ClInclude>
    <ClInclude Include="OJTServer.h">
      <Filter>windows</Filter>
    </ClInclude>
    <ClInclude Include="framework.h">
      <Filter>windows</Filter>
    </ClInclude>
    <ClInclude Include="pch.h">
      <Filter>windows</Filter>
    </ClInclude>
    <ClInclude Include="PanelLoader.h">
      <Filter>Source\Panel</Filter>
    </ClInclude>
    <ClInclude Include="TrainingUI.h">
      <Filter>Source\Panel</Filter>
    </ClInclude>
    <ClInclude Include="ChannelRoomMoveUI.h">
      <Filter>Source\Panel</Filter>
    </ClInclude>
    <ClInclude Include="ChannelUI.h">
      <Filter>Source\Panel</Filter>
    </ClInclude>
    <ClInclude Include="ListenUI.h">
      <Filter>Source\Panel</Filter>
    </ClInclude>
    <ClInclude Include="RoomUI.h">
      <Filter>Source\Panel</Filter>
    </ClInclude>
    <ClInclude Include="InnoOJTServer.h">
      <Filter>Source</Filter>
    </ClInclude>
  </ItemGroup>
  <ItemGroup>
    <Image Include="OJTServer.ico">
      <Filter>windows</Filter>
    </Image>
    <Image Include="small.ico">
      <Filter>windows</Filter>
    </Image>
  </ItemGroup>
  <ItemGroup>
    <ClCompile Include="main.cpp">
      <Filter>Source</Filter>
    </ClCompile>
    <ClCompile Include="pch.cpp">
      <Filter>windows</Filter>
    </ClCompile>
    <ClCompile Include="PanelLoader.cpp">
      <Filter>Source\Panel</Filter>
    </ClCompile>
    <ClCompile Include="ChannelRoomMoveUI.cpp">
      <Filter>Source\Panel</Filter>
    </ClCompile>
    <ClCompile Include="ChannelUI.cpp">
      <Filter>Source\Panel</Filter>
    </ClCompile>
    <ClCompile Include="ListenUI.cpp">
      <Filter>Source\Panel</Filter>
    </ClCompile>
    <ClCompile Include="RoomUI.cpp">
      <Filter>Source\Panel</Filter>
    </ClCompile>
    <ClCompile Include="TrainingUI.cpp">
      <Filter>Source\Panel</Filter>
    </ClCompile>
    <ClCompile Include="InnoOJTServer.cpp">
      <Filter>Source</Filter>
    </ClCompile>
  </ItemGroup>
  <ItemGroup>
    <ResourceCompile Include="OJTServer.rc">
      <Filter>windows</Filter>
    </ResourceCompile>
  </ItemGroup>
</Project>